
Microsoft Visual Studio Solution File, Format Version 12.00
# Visual Studio Version 17
VisualStudioVersion = 17.3.32929.385
MinimumVisualStudioVersion = 10.0.40219.1
Project("{FAE04EC0-301F-11D3-BF4B-00C04F79EFBC}") = "ConferenceApplication", "ConferenceApplication.csproj", "{E49BD5A5-DAC1-4187-AA32-758F8145F187}"
EndProject
Global
	GlobalSection(SolutionConfigurationPlatforms) = preSolution
		Debug|Any CPU = Debug|Any CPU
		Release|Any CPU = Release|Any CPU
	EndGlobalSection
	GlobalSection(ProjectConfigurationPlatforms) = postSolution
		{E49BD5A5-DAC1-4187-AA32-758F8145F187}.Debug|Any CPU.ActiveCfg = Debug|Any CPU
		{E49BD5A5-DAC1-4187-AA32-758F8145F187}.Debug|Any CPU.Build.0 = Debug|Any CPU
		{E49BD5A5-DAC1-4187-AA32-758F8145F187}.Release|Any CPU.ActiveCfg = Release|Any CPU
		{E49BD5A5-DAC1-4187-AA32-758F8145F187}.Release|Any CPU.Build.0 = Release|Any CPU
	EndGlobalSection
	GlobalSection(SolutionProperties) = preSolution
		HideSolutionNode = FALSE
	EndGlobalSection
	GlobalSection(ExtensibilityGlobals) = postSolution
		SolutionGuid = {F05418CC-64C0-4574-8ABE-CB54E5CCDA37}
	EndGlobalSection
EndGlobal
